
Microsoft Visual Studio Solution File, Format Version 12.00
# Visual Studio 15
VisualStudioVersion = 15.0.26906.1
MinimumVisualStudioVersion = 10.0.40219.1
Project("{FAE04EC0-301F-11D3-BF4B-00C04F79EFBC}") = "ExpertDayDemo.Android", "ExpertDayDemo\ExpertDayDemo.Android\ExpertDayDemo.Android.csproj", "{342C52F6-54AA-4911-A8F6-9870FCCE9035}"
EndProject
Project("{FAE04EC0-301F-11D3-BF4B-00C04F79EFBC}") = "ExpertDayDemo", "ExpertDayDemo\ExpertDayDemo\ExpertDayDemo.csproj", "{0E996BB2-4294-4F9E-B74F-7AD8ABDDA779}"
EndProject
Project("{FAE04EC0-301F-11D3-BF4B-00C04F79EFBC}") = "ExpertDayDemo.UWP", "ExpertDayDemo\ExpertDayDemo.UWP\ExpertDayDemo.UWP.csproj", "{2D1C4B4F-F7EF-4F59-B9CB-3BB59FE585AA}"
EndProject
Project("{FAE04EC0-301F-11D3-BF4B-00C04F79EFBC}") = "ExpertDayDemo.iOS", "ExpertDayDemo\ExpertDayDemo.iOS\ExpertDayDemo.iOS.csproj", "{0A9E21AB-BA21-41B5-A03B-ACC5B02EA5A6}"
EndProject
Global
	GlobalSection(SolutionConfigurationPlatforms) = preSolution
		Ad-Hoc|Any CPU = Ad-Hoc|Any CPU
		Ad-Hoc|ARM = Ad-Hoc|ARM
		Ad-Hoc|iPhone = Ad-Hoc|iPhone
		Ad-Hoc|iPhoneSimulator = Ad-Hoc|iPhoneSimulator
		Ad-Hoc|x64 = Ad-Hoc|x64
		Ad-Hoc|x86 = Ad-Hoc|x86
		AppStore|Any CPU = AppStore|Any CPU
		AppStore|ARM = AppStore|ARM
		AppStore|iPhone = AppStore|iPhone
		AppStore|iPhoneSimulator = AppStore|iPhoneSimulator
		AppStore|x64 = AppStore|x64
		AppStore|x86 = AppStore|x86
		Debug|Any CPU = Debug|Any CPU
		Debug|ARM = Debug|ARM
		Debug|iPhone = Debug|iPhone
		Debug|iPhoneSimulator = Debug|iPhoneSimulator
		Debug|x64 = Debug|x64
		Debug|x86 = Debug|x86
		Release|Any CPU = Release|Any CPU
		Release|ARM = Release|ARM
		Release|iPhone = Release|iPhone
		Release|iPhoneSimulator = Release|iPhoneSimulator
		Release|x64 = Release|x64
		Release|x86 = Release|x86
	EndGlobalSection
	GlobalSection(ProjectConfigurationPlatforms) = postSolution
		{342C52F6-54AA-4911-A8F6-9870FCCE9035}.Ad-Hoc|Any CPU.ActiveCfg = Release|Any CPU
		{342C52F6-54AA-4911-A8F6-9870FCCE9035}.Ad-Hoc|Any CPU.Build.0 = Release|Any CPU
		{342C52F6-54AA-4911-A8F6-9870FCCE9035}.Ad-Hoc|Any CPU.Deploy.0 = Release|Any CPU
		{342C52F6-54AA-4911-A8F6-9870FCCE9035}.Ad-Hoc|ARM.ActiveCfg = Release|Any CPU
		{342C52F6-54AA-4911-A8F6-9870FCCE9035}.Ad-Hoc|ARM.Build.0 = Release|Any CPU
		{342C52F6-54AA-4911-A8F6-9870FCCE9035}.Ad-Hoc|ARM.Deploy.0 = Release|Any CPU
		{342C52F6-54AA-4911-A8F6-9870FCCE9035}.Ad-Hoc|iPhone.ActiveCfg = Release|Any CPU
		{342C52F6-54AA-4911-A8F6-9870FCCE9035}.Ad-Hoc|iPhone.Build.0 = Release|Any CPU
		{342C52F6-54AA-4911-A8F6-9870FCCE9035}.Ad-Hoc|iPhone.Deploy.0 = Release|Any CPU
		{342C52F6-54AA-4911-A8F6-9870FCCE9035}.Ad-Hoc|iPhoneSimulator.ActiveCfg = Release|Any CPU
		{342C52F6-54AA-4911-A8F6-9870FCCE9035}.Ad-Hoc|iPhoneSimulator.Build.0 = Release|Any CPU
		{342C52F6-54AA-4911-A8F6-9870FCCE9035}.Ad-Hoc|iPhoneSimulator.Deploy.0 = Release|Any CPU
		{342C52F6-54AA-4911-A8F6-9870FCCE9035}.Ad-Hoc|x64.ActiveCfg = Release|Any CPU
		{342C52F6-54AA-4911-A8F6-9870FCCE9035}.Ad-Hoc|x64.Build.0 = Release|Any CPU
		{342C52F6-54AA-4911-A8F6-9870FCCE9035}.Ad-Hoc|x64.Deploy.0 = Release|Any CPU
		{342C52F6-54AA-4911-A8F6-9870FCCE9035}.Ad-Hoc|x86.ActiveCfg = Release|Any CPU
		{342C52F6-54AA-4911-A8F6-9870FCCE9035}.Ad-Hoc|x86.Build.0 = Release|Any CPU
		{342C52F6-54AA-4911-A8F6-9870FCCE9035}.Ad-Hoc|x86.Deploy.0 = Release|Any CPU
		{342C52F6-54AA-4911-A8F6-9870FCCE9035}.AppStore|Any CPU.ActiveCfg = Release|Any CPU
		{342C52F6-54AA-4911-A8F6-9870FCCE9035}.AppStore|Any CPU.Build.0 = Release|Any CPU
		{342C52F6-54AA-4911-A8F6-9870FCCE9035}.AppStore|Any CPU.Deploy.0 = Release|Any CPU
		{342C52F6-54AA-4911-A8F6-9870FCCE9035}.AppStore|ARM.ActiveCfg = Release|Any CPU
		{342C52F6-54AA-4911-A8F6-9870FCCE9035}.AppStore|ARM.Build.0 = Release|Any CPU
		{342C52F6-54AA-4911-A8F6-9870FCCE9035}.AppStore|ARM.Deploy.0 = Release|Any CPU
		{342C52F6-54AA-4911-A8F6-9870FCCE9035}.AppStore|iPhone.ActiveCfg = Release|Any CPU
		{342C52F6-54AA-4911-A8F6-9870FCCE9035}.AppStore|iPhone.Build.0 = Release|Any CPU
		{342C52F6-54AA-4911-A8F6-9870FCCE9035}.AppStore|iPhone.Deploy.0 = Release|Any CPU
		{342C52F6-54AA-4911-A8F6-9870FCCE9035}.AppStore|iPhoneSimulator.ActiveCfg = Release|Any CPU
		{342C52F6-54AA-4911-A8F6-9870FCCE9035}.AppStore|iPhoneSimulator.Build.0 = Release|Any CPU
		{342C52F6-54AA-4911-A8F6-9870FCCE9035}.AppStore|iPhoneSimulator.Deploy.0 = Release|Any CPU
		{342C52F6-54AA-4911-A8F6-9870FCCE9035}.AppStore|x64.ActiveCfg = Release|Any CPU
		{342C52F6-54AA-4911-A8F6-9870FCCE9035}.AppStore|x64.Build.0 = Release|Any CPU
		{342C52F6-54AA-4911-A8F6-9870FCCE9035}.AppStore|x64.Deploy.0 = Release|Any CPU
		{342C52F6-54AA-4911-A8F6-9870FCCE9035}.AppStore|x86.ActiveCfg = Release|Any CPU
		{342C52F6-54AA-4911-A8F6-9870FCCE9035}.AppStore|x86.Build.0 = Release|Any CPU
		{342C52F6-54AA-4911-A8F6-9870FCCE9035}.AppStore|x86.Deploy.0 = Release|Any CPU
		{342C52F6-54AA-4911-A8F6-9870FCCE9035}.Debug|Any CPU.ActiveCfg = Debug|Any CPU
		{342C52F6-54AA-4911-A8F6-9870FCCE9035}.Debug|Any CPU.Build.0 = Debug|Any CPU
		{342C52F6-54AA-4911-A8F6-9870FCCE9035}.Debug|Any CPU.Deploy.0 = Debug|Any CPU
		{342C52F6-54AA-4911-A8F6-9870FCCE9035}.Debug|ARM.ActiveCfg = Debug|Any CPU
		{342C52F6-54AA-4911-A8F6-9870FCCE9035}.Debug|ARM.Build.0 = Debug|Any CPU
		{342C52F6-54AA-4911-A8F6-9870FCCE9035}.Debug|ARM.Deploy.0 = Debug|Any CPU
		{342C52F6-54AA-4911-A8F6-9870FCCE9035}.Debug|iPhone.ActiveCfg = Debug|Any CPU
		{342C52F6-54AA-4911-A8F6-9870FCCE9035}.Debug|iPhone.Build.0 = Debug|Any CPU
		{342C52F6-54AA-4911-A8F6-9870FCCE9035}.Debug|iPhone.Deploy.0 = Debug|Any CPU
		{342C52F6-54AA-4911-A8F6-9870FCCE9035}.Debug|iPhoneSimulator.ActiveCfg = Debug|Any CPU
		{342C52F6-54AA-4911-A8F6-9870FCCE9035}.Debug|iPhoneSimulator.Build.0 = Debug|Any CPU
		{342C52F6-54AA-4911-A8F6-9870FCCE9035}.Debug|iPhoneSimulator.Deploy.0 = Debug|Any CPU
		{342C52F6-54AA-4911-A8F6-9870FCCE9035}.Debug|x64.ActiveCfg = Debug|Any CPU
		{342C52F6-54AA-4911-A8F6-9870FCCE9035}.Debug|x64.Build.0 = Debug|Any CPU
		{342C52F6-54AA-4911-A8F6-9870FCCE9035}.Debug|x64.Deploy.0 = Debug|Any CPU
		{342C52F6-54AA-4911-A8F6-9870FCCE9035}.Debug|x86.ActiveCfg = Debug|Any CPU
		{342C52F6-54AA-4911-A8F6-9870FCCE9035}.Debug|x86.Build.0 = Debug|Any CPU
		{342C52F6-54AA-4911-A8F6-9870FCCE9035}.Debug|x86.Deploy.0 = Debug|Any CPU
		{342C52F6-54AA-4911-A8F6-9870FCCE9035}.Release|Any CPU.ActiveCfg = Release|Any CPU
		{342C52F6-54AA-4911-A8F6-9870FCCE9035}.Release|Any CPU.Build.0 = Release|Any CPU
		{342C52F6-54AA-4911-A8F6-9870FCCE9035}.Release|Any CPU.Deploy.0 = Release|Any CPU
		{342C52F6-54AA-4911-A8F6-9870FCCE9035}.Release|ARM.ActiveCfg = Release|Any CPU
		{342C52F6-54AA-4911-A8F6-9870FCCE9035}.Release|ARM.Build.0 = Release|Any CPU
		{342C52F6-54AA-4911-A8F6-9870FCCE9035}.Release|ARM.Deploy.0 = Release|Any CPU
		{342C52F6-54AA-4911-A8F6-9870FCCE9035}.Release|iPhone.ActiveCfg = Release|Any CPU
		{342C52F6-54AA-4911-A8F6-9870FCCE9035}.Release|iPhone.Build.0 = Release|Any CPU
		{342C52F6-54AA-4911-A8F6-9870FCCE9035}.Release|iPhone.Deploy.0 = Release|Any CPU
		{342C52F6-54AA-4911-A8F6-9870FCCE9035}.Release|iPhoneSimulator.ActiveCfg = Release|Any CPU
		{342C52F6-54AA-4911-A8F6-9870FCCE9035}.Release|iPhoneSimulator.Build.0 = Release|Any CPU
		{342C52F6-54AA-4911-A8F6-9870FCCE9035}.Release|iPhoneSimulator.Deploy.0 = Release|Any CPU
		{342C52F6-54AA-4911-A8F6-9870FCCE9035}.Release|x64.ActiveCfg = Release|Any CPU
		{342C52F6-54AA-4911-A8F6-9870FCCE9035}.Release|x64.Build.0 = Release|Any CPU
		{342C52F6-54AA-4911-A8F6-9870FCCE9035}.Release|x64.Deploy.0 = Release|Any CPU
		{342C52F6-54AA-4911-A8F6-9870FCCE9035}.Release|x86.ActiveCfg = Release|Any CPU
		{342C52F6-54AA-4911-A8F6-9870FCCE9035}.Release|x86.Build.0 = Release|Any CPU
		{342C52F6-54AA-4911-A8F6-9870FCCE9035}.Release|x86.Deploy.0 = Release|Any CPU
		{0E996BB2-4294-4F9E-B74F-7AD8ABDDA779}.Ad-Hoc|Any CPU.ActiveCfg = Release|Any CPU
		{0E996BB2-4294-4F9E-B74F-7AD8ABDDA779}.Ad-Hoc|Any CPU.Build.0 = Release|Any CPU
		{0E996BB2-4294-4F9E-B74F-7AD8ABDDA779}.Ad-Hoc|ARM.ActiveCfg = Release|Any CPU
		{0E996BB2-4294-4F9E-B74F-7AD8ABDDA779}.Ad-Hoc|ARM.Build.0 = Release|Any CPU
		{0E996BB2-4294-4F9E-B74F-7AD8ABDDA779}.Ad-Hoc|iPhone.ActiveCfg = Release|Any CPU
		{0E996BB2-4294-4F9E-B74F-7AD8ABDDA779}.Ad-Hoc|iPhone.Build.0 = Release|Any CPU
		{0E996BB2-4294-4F9E-B74F-7AD8ABDDA779}.Ad-Hoc|iPhoneSimulator.ActiveCfg = Release|Any CPU
		{0E996BB2-4294-4F9E-B74F-7AD8ABDDA779}.Ad-Hoc|iPhoneSimulator.Build.0 = Release|Any CPU
		{0E996BB2-4294-4F9E-B74F-7AD8ABDDA779}.Ad-Hoc|x64.ActiveCfg = Release|Any CPU
		{0E996BB2-4294-4F9E-B74F-7AD8ABDDA779}.Ad-Hoc|x64.Build.0 = Release|Any CPU
		{0E996BB2-4294-4F9E-B74F-7AD8ABDDA779}.Ad-Hoc|x86.ActiveCfg = Release|Any CPU
		{0E996BB2-4294-4F9E-B74F-7AD8ABDDA779}.Ad-Hoc|x86.Build.0 = Release|Any CPU
		{0E996BB2-4294-4F9E-B74F-7AD8ABDDA779}.AppStore|Any CPU.ActiveCfg = Release|Any CPU
		{0E996BB2-4294-4F9E-B74F-7AD8ABDDA779}.AppStore|Any CPU.Build.0 = Release|Any CPU
		{0E996BB2-4294-4F9E-B74F-7AD8ABDDA779}.AppStore|ARM.ActiveCfg = Release|Any CPU
		{0E996BB2-4294-4F9E-B74F-7AD8ABDDA779}.AppStore|ARM.Build.0 = Release|Any CPU
		{0E996BB2-4294-4F9E-B74F-7AD8ABDDA779}.AppStore|iPhone.ActiveCfg = Release|Any CPU
		{0E996BB2-4294-4F9E-B74F-7AD8ABDDA779}.AppStore|iPhone.Build.0 = Release|Any CPU
		{0E996BB2-4294-4F9E-B74F-7AD8ABDDA779}.AppStore|iPhoneSimulator.ActiveCfg = Release|Any CPU
		{0E996BB2-4294-4F9E-B74F-7AD8ABDDA779}.AppStore|iPhoneSimulator.Build.0 = Release|Any CPU
		{0E996BB2-4294-4F9E-B74F-7AD8ABDDA779}.AppStore|x64.ActiveCfg = Release|Any CPU
		{0E996BB2-4294-4F9E-B74F-7AD8ABDDA779}.AppStore|x64.Build.0 = Release|Any CPU
		{0E996BB2-4294-4F9E-B74F-7AD8ABDDA779}.AppStore|x86.ActiveCfg = Release|Any CPU
		{0E996BB2-4294-4F9E-B74F-7AD8ABDDA779}.AppStore|x86.Build.0 = Release|Any CPU
		{0E996BB2-4294-4F9E-B74F-7AD8ABDDA779}.Debug|Any CPU.ActiveCfg = Debug|Any CPU
		{0E996BB2-4294-4F9E-B74F-7AD8ABDDA779}.Debug|Any CPU.Build.0 = Debug|Any CPU
		{0E996BB2-4294-4F9E-B74F-7AD8ABDDA779}.Debug|ARM.ActiveCfg = Debug|Any CPU
		{0E996BB2-4294-4F9E-B74F-7AD8ABDDA779}.Debug|ARM.Build.0 = Debug|Any CPU
		{0E996BB2-4294-4F9E-B74F-7AD8ABDDA779}.Debug|iPhone.ActiveCfg = Debug|Any CPU
		{0E996BB2-4294-4F9E-B74F-7AD8ABDDA779}.Debug|iPhone.Build.0 = Debug|Any CPU
		{0E996BB2-4294-4F9E-B74F-7AD8ABDDA779}.Debug|iPhoneSimulator.ActiveCfg = Debug|Any CPU
		{0E996BB2-4294-4F9E-B74F-7AD8ABDDA779}.Debug|iPhoneSimulator.Build.0 = Debug|Any CPU
		{0E996BB2-4294-4F9E-B74F-7AD8ABDDA779}.Debug|x64.ActiveCfg = Debug|Any CPU
		{0E996BB2-4294-4F9E-B74F-7AD8ABDDA779}.Debug|x64.Build.0 = Debug|Any CPU
		{0E996BB2-4294-4F9E-B74F-7AD8ABDDA779}.Debug|x86.ActiveCfg = Debug|Any CPU
		{0E996BB2-4294-4F9E-B74F-7AD8ABDDA779}.Debug|x86.Build.0 = Debug|Any CPU
		{0E996BB2-4294-4F9E-B74F-7AD8ABDDA779}.Release|Any CPU.ActiveCfg = Release|Any CPU
		{0E996BB2-4294-4F9E-B74F-7AD8ABDDA779}.Release|Any CPU.Build.0 = Release|Any CPU
		{0E996BB2-4294-4F9E-B74F-7AD8ABDDA779}.Release|ARM.ActiveCfg = Release|Any CPU
		{0E996BB2-4294-4F9E-B74F-7AD8ABDDA779}.Release|ARM.Build.0 = Release|Any CPU
		{0E996BB2-4294-4F9E-B74F-7AD8ABDDA779}.Release|iPhone.ActiveCfg = Release|Any CPU
		{0E996BB2-4294-4F9E-B74F-7AD8ABDDA779}.Release|iPhone.Build.0 = Release|Any CPU
		{0E996BB2-4294-4F9E-B74F-7AD8ABDDA779}.Release|iPhoneSimulator.ActiveCfg = Release|Any CPU
		{0E996BB2-4294-4F9E-B74F-7AD8ABDDA779}.Release|iPhoneSimulator.Build.0 = Release|Any CPU
		{0E996BB2-4294-4F9E-B74F-7AD8ABDDA779}.Release|x64.ActiveCfg = Release|Any CPU
		{0E996BB2-4294-4F9E-B74F-7AD8ABDDA779}.Release|x64.Build.0 = Release|Any CPU
		{0E996BB2-4294-4F9E-B74F-7AD8ABDDA779}.Release|x86.ActiveCfg = Release|Any CPU
		{0E996BB2-4294-4F9E-B74F-7AD8ABDDA779}.Release|x86.Build.0 = Release|Any CPU
		{2D1C4B4F-F7EF-4F59-B9CB-3BB59FE585AA}.Ad-Hoc|Any CPU.ActiveCfg = Release|x86
		{2D1C4B4F-F7EF-4F59-B9CB-3BB59FE585AA}.Ad-Hoc|Any CPU.Build.0 = Release|x86
		{2D1C4B4F-F7EF-4F59-B9CB-3BB59FE585AA}.Ad-Hoc|Any CPU.Deploy.0 = Release|x86
		{2D1C4B4F-F7EF-4F59-B9CB-3BB59FE585AA}.Ad-Hoc|ARM.ActiveCfg = Release|ARM
		{2D1C4B4F-F7EF-4F59-B9CB-3BB59FE585AA}.Ad-Hoc|ARM.Build.0 = Release|ARM
		{2D1C4B4F-F7EF-4F59-B9CB-3BB59FE585AA}.Ad-Hoc|ARM.Deploy.0 = Release|ARM
		{2D1C4B4F-F7EF-4F59-B9CB-3BB59FE585AA}.Ad-Hoc|iPhone.ActiveCfg = Release|x86
		{2D1C4B4F-F7EF-4F59-B9CB-3BB59FE585AA}.Ad-Hoc|iPhone.Build.0 = Release|x86
		{2D1C4B4F-F7EF-4F59-B9CB-3BB59FE585AA}.Ad-Hoc|iPhone.Deploy.0 = Release|x86
		{2D1C4B4F-F7EF-4F59-B9CB-3BB59FE585AA}.Ad-Hoc|iPhoneSimulator.ActiveCfg = Release|x86
		{2D1C4B4F-F7EF-4F59-B9CB-3BB59FE585AA}.Ad-Hoc|iPhoneSimulator.Build.0 = Release|x86
		{2D1C4B4F-F7EF-4F59-B9CB-3BB59FE585AA}.Ad-Hoc|iPhoneSimulator.Deploy.0 = Release|x86
		{2D1C4B4F-F7EF-4F59-B9CB-3BB59FE585AA}.Ad-Hoc|x64.ActiveCfg = Release|x64
		{2D1C4B4F-F7EF-4F59-B9CB-3BB59FE585AA}.Ad-Hoc|x64.Build.0 = Release|x64
		{2D1C4B4F-F7EF-4F59-B9CB-3BB59FE585AA}.Ad-Hoc|x64.Deploy.0 = Release|x64
		{2D1C4B4F-F7EF-4F59-B9CB-3BB59FE585AA}.Ad-Hoc|x86.ActiveCfg = Release|x86
		{2D1C4B4F-F7EF-4F59-B9CB-3BB59FE585AA}.Ad-Hoc|x86.Build.0 = Release|x86
		{2D1C4B4F-F7EF-4F59-B9CB-3BB59FE585AA}.Ad-Hoc|x86.Deploy.0 = Release|x86
		{2D1C4B4F-F7EF-4F59-B9CB-3BB59FE585AA}.AppStore|Any CPU.ActiveCfg = Release|x86
		{2D1C4B4F-F7EF-4F59-B9CB-3BB59FE585AA}.AppStore|Any CPU.Build.0 = Release|x86
		{2D1C4B4F-F7EF-4F59-B9CB-3BB59FE585AA}.AppStore|Any CPU.Deploy.0 = Release|x86
		{2D1C4B4F-F7EF-4F59-B9CB-3BB59FE585AA}.AppStore|ARM.ActiveCfg = Release|ARM
		{2D1C4B4F-F7EF-4F59-B9CB-3BB59FE585AA}.AppStore|ARM.Build.0 = Release|ARM
		{2D1C4B4F-F7EF-4F59-B9CB-3BB59FE585AA}.AppStore|ARM.Deploy.0 = Release|ARM
		{2D1C4B4F-F7EF-4F59-B9CB-3BB59FE585AA}.AppStore|iPhone.ActiveCfg = Release|x86
		{2D1C4B4F-F7EF-4F59-B9CB-3BB59FE585AA}.AppStore|iPhone.Build.0 = Release|x86
		{2D1C4B4F-F7EF-4F59-B9CB-3BB59FE585AA}.AppStore|iPhone.Deploy.0 = Release|x86
		{2D1C4B4F-F7EF-4F59-B9CB-3BB59FE585AA}.AppStore|iPhoneSimulator.ActiveCfg = Release|x86
		{2D1C4B4F-F7EF-4F59-B9CB-3BB59FE585AA}.AppStore|iPhoneSimulator.Build.0 = Release|x86
		{2D1C4B4F-F7EF-4F59-B9CB-3BB59FE585AA}.AppStore|iPhoneSimulator.Deploy.0 = Release|x86
		{2D1C4B4F-F7EF-4F59-B9CB-3BB59FE585AA}.AppStore|x64.ActiveCfg = Release|x64
		{2D1C4B4F-F7EF-4F59-B9CB-3BB59FE585AA}.AppStore|x64.Build.0 = Release|x64
		{2D1C4B4F-F7EF-4F59-B9CB-3BB59FE585AA}.AppStore|x64.Deploy.0 = Release|x64
		{2D1C4B4F-F7EF-4F59-B9CB-3BB59FE585AA}.AppStore|x86.ActiveCfg = Release|x86
		{2D1C4B4F-F7EF-4F59-B9CB-3BB59FE585AA}.AppStore|x86.Build.0 = Release|x86
		{2D1C4B4F-F7EF-4F59-B9CB-3BB59FE585AA}.AppStore|x86.Deploy.0 = Release|x86
		{2D1C4B4F-F7EF-4F59-B9CB-3BB59FE585AA}.Debug|Any CPU.ActiveCfg = Debug|x86
		{2D1C4B4F-F7EF-4F59-B9CB-3BB59FE585AA}.Debug|ARM.ActiveCfg = Debug|ARM
		{2D1C4B4F-F7EF-4F59-B9CB-3BB59FE585AA}.Debug|ARM.Build.0 = Debug|ARM
		{2D1C4B4F-F7EF-4F59-B9CB-3BB59FE585AA}.Debug|ARM.Deploy.0 = Debug|ARM
		{2D1C4B4F-F7EF-4F59-B9CB-3BB59FE585AA}.Debug|iPhone.ActiveCfg = Debug|x86
		{2D1C4B4F-F7EF-4F59-B9CB-3BB59FE585AA}.Debug|iPhoneSimulator.ActiveCfg = Debug|x86
		{2D1C4B4F-F7EF-4F59-B9CB-3BB59FE585AA}.Debug|x64.ActiveCfg = Debug|x64
		{2D1C4B4F-F7EF-4F59-B9CB-3BB59FE585AA}.Debug|x64.Build.0 = Debug|x64
		{2D1C4B4F-F7EF-4F59-B9CB-3BB59FE585AA}.Debug|x64.Deploy.0 = Debug|x64
		{2D1C4B4F-F7EF-4F59-B9CB-3BB59FE585AA}.Debug|x86.ActiveCfg = Debug|x86
		{2D1C4B4F-F7EF-4F59-B9CB-3BB59FE585AA}.Debug|x86.Build.0 = Debug|x86
		{2D1C4B4F-F7EF-4F59-B9CB-3BB59FE585AA}.Debug|x86.Deploy.0 = Debug|x86
		{2D1C4B4F-F7EF-4F59-B9CB-3BB59FE585AA}.Release|Any CPU.ActiveCfg = Release|x86
		{2D1C4B4F-F7EF-4F59-B9CB-3BB59FE585AA}.Release|ARM.ActiveCfg = Release|ARM
		{2D1C4B4F-F7EF-4F59-B9CB-3BB59FE585AA}.Release|ARM.Build.0 = Release|ARM
		{2D1C4B4F-F7EF-4F59-B9CB-3BB59FE585AA}.Release|ARM.Deploy.0 = Release|ARM
		{2D1C4B4F-F7EF-4F59-B9CB-3BB59FE585AA}.Release|iPhone.ActiveCfg = Release|x86
		{2D1C4B4F-F7EF-4F59-B9CB-3BB59FE585AA}.Release|iPhoneSimulator.ActiveCfg = Release|x86
		{2D1C4B4F-F7EF-4F59-B9CB-3BB59FE585AA}.Release|x64.ActiveCfg = Release|x64
		{2D1C4B4F-F7EF-4F59-B9CB-3BB59FE585AA}.Release|x64.Build.0 = Release|x64
		{2D1C4B4F-F7EF-4F59-B9CB-3BB59FE585AA}.Release|x64.Deploy.0 = Release|x64
		{2D1C4B4F-F7EF-4F59-B9CB-3BB59FE585AA}.Release|x86.ActiveCfg = Release|x86
		{2D1C4B4F-F7EF-4F59-B9CB-3BB59FE585AA}.Release|x86.Build.0 = Release|x86
		{2D1C4B4F-F7EF-4F59-B9CB-3BB59FE585AA}.Release|x86.Deploy.0 = Release|x86
		{0A9E21AB-BA21-41B5-A03B-ACC5B02EA5A6}.Ad-Hoc|Any CPU.ActiveCfg = Ad-Hoc|iPhoneSimulator
		{0A9E21AB-BA21-41B5-A03B-ACC5B02EA5A6}.Ad-Hoc|ARM.ActiveCfg = Ad-Hoc|iPhone
		{0A9E21AB-BA21-41B5-A03B-ACC5B02EA5A6}.Ad-Hoc|iPhone.ActiveCfg = Ad-Hoc|iPhone
		{0A9E21AB-BA21-41B5-A03B-ACC5B02EA5A6}.Ad-Hoc|iPhone.Build.0 = Ad-Hoc|iPhone
		{0A9E21AB-BA21-41B5-A03B-ACC5B02EA5A6}.Ad-Hoc|iPhoneSimulator.ActiveCfg = Ad-Hoc|iPhoneSimulator
		{0A9E21AB-BA21-41B5-A03B-ACC5B02EA5A6}.Ad-Hoc|iPhoneSimulator.Build.0 = Ad-Hoc|iPhoneSimulator
		{0A9E21AB-BA21-41B5-A03B-ACC5B02EA5A6}.Ad-Hoc|x64.ActiveCfg = Ad-Hoc|iPhone
		{0A9E21AB-BA21-41B5-A03B-ACC5B02EA5A6}.Ad-Hoc|x86.ActiveCfg = Ad-Hoc|iPhone
		{0A9E21AB-BA21-41B5-A03B-ACC5B02EA5A6}.AppStore|Any CPU.ActiveCfg = AppStore|iPhoneSimulator
		{0A9E21AB-BA21-41B5-A03B-ACC5B02EA5A6}.AppStore|ARM.ActiveCfg = AppStore|iPhone
		{0A9E21AB-BA21-41B5-A03B-ACC5B02EA5A6}.AppStore|iPhone.ActiveCfg = AppStore|iPhone
		{0A9E21AB-BA21-41B5-A03B-ACC5B02EA5A6}.AppStore|iPhone.Build.0 = AppStore|iPhone
		{0A9E21AB-BA21-41B5-A03B-ACC5B02EA5A6}.AppStore|iPhoneSimulator.ActiveCfg = AppStore|iPhoneSimulator
		{0A9E21AB-BA21-41B5-A03B-ACC5B02EA5A6}.AppStore|iPhoneSimulator.Build.0 = AppStore|iPhoneSimulator
		{0A9E21AB-BA21-41B5-A03B-ACC5B02EA5A6}.AppStore|x64.ActiveCfg = AppStore|iPhone
		{0A9E21AB-BA21-41B5-A03B-ACC5B02EA5A6}.AppStore|x86.ActiveCfg = AppStore|iPhone
		{0A9E21AB-BA21-41B5-A03B-ACC5B02EA5A6}.Debug|Any CPU.ActiveCfg = Debug|iPhoneSimulator
		{0A9E21AB-BA21-41B5-A03B-ACC5B02EA5A6}.Debug|ARM.ActiveCfg = Debug|iPhone
		{0A9E21AB-BA21-41B5-A03B-ACC5B02EA5A6}.Debug|iPhone.ActiveCfg = Debug|iPhone
		{0A9E21AB-BA21-41B5-A03B-ACC5B02EA5A6}.Debug|iPhone.Build.0 = Debug|iPhone
		{0A9E21AB-BA21-41B5-A03B-ACC5B02EA5A6}.Debug|iPhoneSimulator.ActiveCfg = Debug|iPhoneSimulator
		{0A9E21AB-BA21-41B5-A03B-ACC5B02EA5A6}.Debug|iPhoneSimulator.Build.0 = Debug|iPhoneSimulator
		{0A9E21AB-BA21-41B5-A03B-ACC5B02EA5A6}.Debug|x64.ActiveCfg = Debug|iPhone
		{0A9E21AB-BA21-41B5-A03B-ACC5B02EA5A6}.Debug|x86.ActiveCfg = Debug|iPhone
		{0A9E21AB-BA21-41B5-A03B-ACC5B02EA5A6}.Release|Any CPU.ActiveCfg = Release|iPhoneSimulator
		{0A9E21AB-BA21-41B5-A03B-ACC5B02EA5A6}.Release|ARM.ActiveCfg = Release|iPhone
		{0A9E21AB-BA21-41B5-A03B-ACC5B02EA5A6}.Release|iPhone.ActiveCfg = Release|iPhone
		{0A9E21AB-BA21-41B5-A03B-ACC5B02EA5A6}.Release|iPhone.Build.0 = Release|iPhone
		{0A9E21AB-BA21-41B5-A03B-ACC5B02EA5A6}.Release|iPhoneSimulator.ActiveCfg = Release|iPhoneSimulator
		{0A9E21AB-BA21-41B5-A03B-ACC5B02EA5A6}.Release|iPhoneSimulator.Build.0 = Release|iPhoneSimulator
		{0A9E21AB-BA21-41B5-A03B-ACC5B02EA5A6}.Release|x64.ActiveCfg = Release|iPhone
		{0A9E21AB-BA21-41B5-A03B-ACC5B02EA5A6}.Release|x86.ActiveCfg = Release|iPhone
	EndGlobalSection
	GlobalSection(SolutionProperties) = preSolution
		HideSolutionNode = FALSE
	EndGlobalSection
	GlobalSection(ExtensibilityGlobals) = postSolution
		SolutionGuid = {F6B51212-1913-4D3A-A874-6F5BAC9461CD}
	EndGlobalSection
EndGlobal
